// !$*UTF8*$!
{
	archiveVersion = 1;
	classes = {
	};
	objectVersion = 46;
	objects = {

/* Begin PBXBuildFile section */
		A914066E1C0348EF00C3C2E0 /* SpotlightDocumentTracker.swift in Sources */ = {isa = PBXBuildFile; fileRef = A914066D1C0348EF00C3C2E0 /* SpotlightDocumentTracker.swift */; };
		A91406731C036D5500C3C2E0 /* FirefoxHistoryFetcher.swift in Sources */ = {isa = PBXBuildFile; fileRef = A91406721C036D5500C3C2E0 /* FirefoxHistoryFetcher.swift */; };
		A92411E71C69FAC900DD6449 /* CalendarManager.swift in Sources */ = {isa = PBXBuildFile; fileRef = A92411E61C69FAC900DD6449 /* CalendarManager.swift */; };
		A92411EF1C69FB3F00DD6449 /* CalendarEvent.swift in Sources */ = {isa = PBXBuildFile; fileRef = A92411EE1C69FB3F00DD6449 /* CalendarEvent.swift */; };
		A92411F11C69FD8F00DD6449 /* Person.swift in Sources */ = {isa = PBXBuildFile; fileRef = A92411F01C69FD8F00DD6449 /* Person.swift */; };
		A92411F31C69FDCB00DD6449 /* SwiftyJSON.swift in Sources */ = {isa = PBXBuildFile; fileRef = A92411F21C69FDCB00DD6449 /* SwiftyJSON.swift */; };
		A92574551BCF8F98004866B4 /* Utils.swift in Sources */ = {isa = PBXBuildFile; fileRef = A92574541BCF8F98004866B4 /* Utils.swift */; };
		A92574591BCF8FF9004866B4 /* XCGLogger.swift in Sources */ = {isa = PBXBuildFile; fileRef = A92574581BCF8FF9004866B4 /* XCGLogger.swift */; };
		A925745B1BCF901D004866B4 /* JustUsedConstants.swift in Sources */ = {isa = PBXBuildFile; fileRef = A925745A1BCF901D004866B4 /* JustUsedConstants.swift */; };
		A92574621BCF906A004866B4 /* AppDelegate.swift in Sources */ = {isa = PBXBuildFile; fileRef = A925745D1BCF906A004866B4 /* AppDelegate.swift */; };
		A92574631BCF906A004866B4 /* AppSingleton.swift in Sources */ = {isa = PBXBuildFile; fileRef = A925745E1BCF906A004866B4 /* AppSingleton.swift */; };
		A92574641BCF906A004866B4 /* LocationSingleton.swift in Sources */ = {isa = PBXBuildFile; fileRef = A925745F1BCF906A004866B4 /* LocationSingleton.swift */; };
		A92574651BCF906A004866B4 /* SafariHistoryFetcher.swift in Sources */ = {isa = PBXBuildFile; fileRef = A92574601BCF906A004866B4 /* SafariHistoryFetcher.swift */; };
		A92574751BCF9190004866B4 /* FMDatabase.m in Sources */ = {isa = PBXBuildFile; fileRef = A925746B1BCF9190004866B4 /* FMDatabase.m */; };
		A92574761BCF9190004866B4 /* FMDatabaseAdditions.m in Sources */ = {isa = PBXBuildFile; fileRef = A925746D1BCF9190004866B4 /* FMDatabaseAdditions.m */; };
		A92574771BCF9190004866B4 /* FMDatabasePool.m in Sources */ = {isa = PBXBuildFile; fileRef = A925746F1BCF9190004866B4 /* FMDatabasePool.m */; };
		A92574781BCF9190004866B4 /* FMDatabaseQueue.m in Sources */ = {isa = PBXBuildFile; fileRef = A92574711BCF9190004866B4 /* FMDatabaseQueue.m */; };
		A92574791BCF9190004866B4 /* FMResultSet.m in Sources */ = {isa = PBXBuildFile; fileRef = A92574741BCF9190004866B4 /* FMResultSet.m */; };
		A92C0ACD1BE401BC00F93915 /* RecentPlistTracker.swift in Sources */ = {isa = PBXBuildFile; fileRef = A92C0ACC1BE401BC00F93915 /* RecentPlistTracker.swift */; };
		A92C0AD31BE40EF000F93915 /* RecentDocumentsTracker.swift in Sources */ = {isa = PBXBuildFile; fileRef = A92C0AD21BE40EF000F93915 /* RecentDocumentsTracker.swift */; };
		A9438DD91B7A3F0400F1A54B /* Images.xcassets in Resources */ = {isa = PBXBuildFile; fileRef = A9438DD81B7A3F0400F1A54B /* Images.xcassets */; };
		A9438DDC1B7A3F0400F1A54B /* Main.storyboard in Resources */ = {isa = PBXBuildFile; fileRef = A9438DDA1B7A3F0400F1A54B /* Main.storyboard */; };
		A9438DE81B7A3F0400F1A54B /* JustUsedTests.swift in Sources */ = {isa = PBXBuildFile; fileRef = A9438DE71B7A3F0400F1A54B /* JustUsedTests.swift */; };
		A9647CDB1C03853D00485837 /* ChromeHistoryFetcher.swift in Sources */ = {isa = PBXBuildFile; fileRef = A9647CDA1C03853D00485837 /* ChromeHistoryFetcher.swift */; };
		A9D4A2D51B7B9B3400EC1D68 /* libsqlite3.dylib in Frameworks */ = {isa = PBXBuildFile; fileRef = A9D4A2D41B7B9B3400EC1D68 /* libsqlite3.dylib */; };
		A9D894201BD00EED00314475 /* Alamofire.framework in Embed Frameworks */ = {isa = PBXBuildFile; fileRef = A9F5077D1BC7B8DE00275C6C /* Alamofire.framework */; settings = {ATTRIBUTES = (CodeSignOnCopy, RemoveHeadersOnCopy, ); }; };
		A9F3807B1C199E38009251AB /* GenericBrowserHistory.swift in Sources */ = {isa = PBXBuildFile; fileRef = A9F3807A1C199E38009251AB /* GenericBrowserHistory.swift */; };
		A9F507881BC7BA4B00275C6C /* DiMePreferencesViewController.swift in Sources */ = {isa = PBXBuildFile; fileRef = A9F507861BC7BA4B00275C6C /* DiMePreferencesViewController.swift */; };
		A9F507891BC7BA4B00275C6C /* ViewController.swift in Sources */ = {isa = PBXBuildFile; fileRef = A9F507871BC7BA4B00275C6C /* ViewController.swift */; };
		A9F5078B1BC7BF1300275C6C /* HistoryManager.swift in Sources */ = {isa = PBXBuildFile; fileRef = A9F5078A1BC7BF1300275C6C /* HistoryManager.swift */; };
		A9F507901BC7BF5900275C6C /* DesktopEvent.swift in Sources */ = {isa = PBXBuildFile; fileRef = A9F5078C1BC7BF5900275C6C /* DesktopEvent.swift */; };
		A9F507911BC7BF5900275C6C /* DiMeData.swift in Sources */ = {isa = PBXBuildFile; fileRef = A9F5078D1BC7BF5900275C6C /* DiMeData.swift */; };
		A9F507921BC7BF5900275C6C /* DocumentInformationElement.swift in Sources */ = {isa = PBXBuildFile; fileRef = A9F5078E1BC7BF5900275C6C /* DocumentInformationElement.swift */; };
		A9F507931BC7BF5900275C6C /* Event.swift in Sources */ = {isa = PBXBuildFile; fileRef = A9F5078F1BC7BF5900275C6C /* Event.swift */; };
		A9F782071BCFCCE900516E55 /* Location.swift in Sources */ = {isa = PBXBuildFile; fileRef = A9F782061BCFCCE900516E55 /* Location.swift */; };
/* End PBXBuildFile section */

/* Begin PBXContainerItemProxy section */
		A9438DE21B7A3F0400F1A54B /* PBXContainerItemProxy */ = {
			isa = PBXContainerItemProxy;
			containerPortal = A9438DC71B7A3F0300F1A54B /* Project object */;
			proxyType = 1;
			remoteGlobalIDString = A9438DCE1B7A3F0400F1A54B;
			remoteInfo = JustUsed;
		};
		A9D894211BD00EED00314475 /* PBXContainerItemProxy */ = {
			isa = PBXContainerItemProxy;
			containerPortal = A9F507721BC7B8DE00275C6C /* Alamofire.xcodeproj */;
			proxyType = 1;
			remoteGlobalIDString = 4DD67C0A1A5C55C900ED2280;
			remoteInfo = "Alamofire OSX";
		};
		A9F380821C199E39009251AB /* PBXContainerItemProxy */ = {
			isa = PBXContainerItemProxy;
			containerPortal = A9F507721BC7B8DE00275C6C /* Alamofire.xcodeproj */;
			proxyType = 2;
			remoteGlobalIDString = 4CF626EF1BA7CB3E0011A099;
			remoteInfo = "Alamofire tvOS";
		};
		A9F380841C199E39009251AB /* PBXContainerItemProxy */ = {
			isa = PBXContainerItemProxy;
			containerPortal = A9F507721BC7B8DE00275C6C /* Alamofire.xcodeproj */;
			proxyType = 2;
			remoteGlobalIDString = 4CF626F81BA7CB3E0011A099;
			remoteInfo = "Alamofire tvOS Tests";
		};
		A9F5077A1BC7B8DE00275C6C /* PBXContainerItemProxy */ = {
			isa = PBXContainerItemProxy;
			containerPortal = A9F507721BC7B8DE00275C6C /* Alamofire.xcodeproj */;
			proxyType = 2;
			remoteGlobalIDString = F8111E3319A95C8B0040E7D1;
			remoteInfo = "Alamofire iOS";
		};
		A9F5077C1BC7B8DE00275C6C /* PBXContainerItemProxy */ = {
			isa = PBXContainerItemProxy;
			containerPortal = A9F507721BC7B8DE00275C6C /* Alamofire.xcodeproj */;
			proxyType = 2;
			remoteGlobalIDString = 4DD67C0B1A5C55C900ED2280;
			remoteInfo = "Alamofire OSX";
		};
		A9F5077E1BC7B8DE00275C6C /* PBXContainerItemProxy */ = {
			isa = PBXContainerItemProxy;
			containerPortal = A9F507721BC7B8DE00275C6C /* Alamofire.xcodeproj */;
			proxyType = 2;
			remoteGlobalIDString = E4202FE01B667AA100C997FB;
			remoteInfo = "Alamofire watchOS";
		};
		A9F507801BC7B8DE00275C6C /* PBXContainerItemProxy */ = {
			isa = PBXContainerItemProxy;
			containerPortal = A9F507721BC7B8DE00275C6C /* Alamofire.xcodeproj */;
			proxyType = 2;
			remoteGlobalIDString = F8111E3E19A95C8B0040E7D1;
			remoteInfo = "Alamofire iOS Tests";
		};
		A9F507821BC7B8DE00275C6C /* PBXContainerItemProxy */ = {
			isa = PBXContainerItemProxy;
			containerPortal = A9F507721BC7B8DE00275C6C /* Alamofire.xcodeproj */;
			proxyType = 2;
			remoteGlobalIDString = F829C6B21A7A94F100A2CD59;
			remoteInfo = "Alamofire OSX Tests";
		};
/* End PBXContainerItemProxy section */

/* Begin PBXCopyFilesBuildPhase section */
		A9D894231BD00EED00314475 /* Embed Frameworks */ = {
			isa = PBXCopyFilesBuildPhase;
			buildActionMask = 2147483647;
			dstPath = "";
			dstSubfolderSpec = 10;
			files = (
				A9D894201BD00EED00314475 /* Alamofire.framework in Embed Frameworks */,
			);
			name = "Embed Frameworks";
			runOnlyForDeploymentPostprocessing = 0;
		};
/* End PBXCopyFilesBuildPhase section */

/* Begin PBXFileReference section */
		A914066D1C0348EF00C3C2E0 /* SpotlightDocumentTracker.swift */ = {isa = PBXFileReference; fileEncoding = 4; lastKnownFileType = sourcecode.swift; path = SpotlightDocumentTracker.swift; sourceTree = "<group>"; };
		A91406721C036D5500C3C2E0 /* FirefoxHistoryFetcher.swift */ = {isa = PBXFileReference; fileEncoding = 4; lastKnownFileType = sourcecode.swift; path = FirefoxHistoryFetcher.swift; sourceTree = "<group>"; };
		A92411E61C69FAC900DD6449 /* CalendarManager.swift */ = {isa = PBXFileReference; fileEncoding = 4; lastKnownFileType = sourcecode.swift; path = CalendarManager.swift; sourceTree = "<group>"; };
		A92411EE1C69FB3F00DD6449 /* CalendarEvent.swift */ = {isa = PBXFileReference; fileEncoding = 4; lastKnownFileType = sourcecode.swift; path = CalendarEvent.swift; sourceTree = "<group>"; };
		A92411F01C69FD8F00DD6449 /* Person.swift */ = {isa = PBXFileReference; fileEncoding = 4; lastKnownFileType = sourcecode.swift; path = Person.swift; sourceTree = "<group>"; };
		A92411F21C69FDCB00DD6449 /* SwiftyJSON.swift */ = {isa = PBXFileReference; fileEncoding = 4; lastKnownFileType = sourcecode.swift; path = SwiftyJSON.swift; sourceTree = "<group>"; };
		A92574541BCF8F98004866B4 /* Utils.swift */ = {isa = PBXFileReference; fileEncoding = 4; lastKnownFileType = sourcecode.swift; path = Utils.swift; sourceTree = "<group>"; };
		A92574581BCF8FF9004866B4 /* XCGLogger.swift */ = {isa = PBXFileReference; fileEncoding = 4; lastKnownFileType = sourcecode.swift; path = XCGLogger.swift; sourceTree = "<group>"; };
		A925745A1BCF901D004866B4 /* JustUsedConstants.swift */ = {isa = PBXFileReference; fileEncoding = 4; lastKnownFileType = sourcecode.swift; path = JustUsedConstants.swift; sourceTree = "<group>"; };
		A925745C1BCF9047004866B4 /* JustUsed-Bridging-Header.h */ = {isa = PBXFileReference; fileEncoding = 4; lastKnownFileType = sourcecode.c.h; path = "JustUsed-Bridging-Header.h"; sourceTree = "<group>"; };
		A925745D1BCF906A004866B4 /* AppDelegate.swift */ = {isa = PBXFileReference; fileEncoding = 4; lastKnownFileType = sourcecode.swift; path = AppDelegate.swift; sourceTree = "<group>"; };
		A925745E1BCF906A004866B4 /* AppSingleton.swift */ = {isa = PBXFileReference; fileEncoding = 4; lastKnownFileType = sourcecode.swift; path = AppSingleton.swift; sourceTree = "<group>"; };
		A925745F1BCF906A004866B4 /* LocationSingleton.swift */ = {isa = PBXFileReference; fileEncoding = 4; lastKnownFileType = sourcecode.swift; path = LocationSingleton.swift; sourceTree = "<group>"; };
		A92574601BCF906A004866B4 /* SafariHistoryFetcher.swift */ = {isa = PBXFileReference; fileEncoding = 4; lastKnownFileType = sourcecode.swift; path = SafariHistoryFetcher.swift; sourceTree = "<group>"; };
		A925746A1BCF9190004866B4 /* FMDatabase.h */ = {isa = PBXFileReference; fileEncoding = 4; lastKnownFileType = sourcecode.c.h; path = FMDatabase.h; sourceTree = "<group>"; };
		A925746B1BCF9190004866B4 /* FMDatabase.m */ = {isa = PBXFileReference; fileEncoding = 4; lastKnownFileType = sourcecode.c.objc; path = FMDatabase.m; sourceTree = "<group>"; };
		A925746C1BCF9190004866B4 /* FMDatabaseAdditions.h */ = {isa = PBXFileReference; fileEncoding = 4; lastKnownFileType = sourcecode.c.h; path = FMDatabaseAdditions.h; sourceTree = "<group>"; };
		A925746D1BCF9190004866B4 /* FMDatabaseAdditions.m */ = {isa = PBXFileReference; fileEncoding = 4; lastKnownFileType = sourcecode.c.objc; path = FMDatabaseAdditions.m; sourceTree = "<group>"; };
		A925746E1BCF9190004866B4 /* FMDatabasePool.h */ = {isa = PBXFileReference; fileEncoding = 4; lastKnownFileType = sourcecode.c.h; path = FMDatabasePool.h; sourceTree = "<group>"; };
		A925746F1BCF9190004866B4 /* FMDatabasePool.m */ = {isa = PBXFileReference; fileEncoding = 4; lastKnownFileType = sourcecode.c.objc; path = FMDatabasePool.m; sourceTree = "<group>"; };
		A92574701BCF9190004866B4 /* FMDatabaseQueue.h */ = {isa = PBXFileReference; fileEncoding = 4; lastKnownFileType = sourcecode.c.h; path = FMDatabaseQueue.h; sourceTree = "<group>"; };
		A92574711BCF9190004866B4 /* FMDatabaseQueue.m */ = {isa = PBXFileReference; fileEncoding = 4; lastKnownFileType = sourcecode.c.objc; path = FMDatabaseQueue.m; sourceTree = "<group>"; };
		A92574721BCF9190004866B4 /* FMDB.h */ = {isa = PBXFileReference; fileEncoding = 4; lastKnownFileType = sourcecode.c.h; path = FMDB.h; sourceTree = "<group>"; };
		A92574731BCF9190004866B4 /* FMResultSet.h */ = {isa = PBXFileReference; fileEncoding = 4; lastKnownFileType = sourcecode.c.h; path = FMResultSet.h; sourceTree = "<group>"; };
		A92574741BCF9190004866B4 /* FMResultSet.m */ = {isa = PBXFileReference; fileEncoding = 4; lastKnownFileType = sourcecode.c.objc; path = FMResultSet.m; sourceTree = "<group>"; };
		A92C0ACC1BE401BC00F93915 /* RecentPlistTracker.swift */ = {isa = PBXFileReference; fileEncoding = 4; lastKnownFileType = sourcecode.swift; path = RecentPlistTracker.swift; sourceTree = "<group>"; };
		A92C0AD21BE40EF000F93915 /* RecentDocumentsTracker.swift */ = {isa = PBXFileReference; fileEncoding = 4; lastKnownFileType = sourcecode.swift; path = RecentDocumentsTracker.swift; sourceTree = "<group>"; };
		A9438DCF1B7A3F0400F1A54B /* JustUsed.app */ = {isa = PBXFileReference; explicitFileType = wrapper.application; includeInIndex = 0; path = JustUsed.app; sourceTree = BUILT_PRODUCTS_DIR; };
		A9438DD31B7A3F0400F1A54B /* Info.plist */ = {isa = PBXFileReference; lastKnownFileType = text.plist.xml; path = Info.plist; sourceTree = "<group>"; };
		A9438DD81B7A3F0400F1A54B /* Images.xcassets */ = {isa = PBXFileReference; lastKnownFileType = folder.assetcatalog; path = Images.xcassets; sourceTree = "<group>"; };
		A9438DDB1B7A3F0400F1A54B /* Base */ = {isa = PBXFileReference; lastKnownFileType = file.storyboard; name = Base; path = Base.lproj/Main.storyboard; sourceTree = "<group>"; };
		A9438DE11B7A3F0400F1A54B /* JustUsedTests.xctest */ = {isa = PBXFileReference; explicitFileType = wrapper.cfbundle; includeInIndex = 0; path = JustUsedTests.xctest; sourceTree = BUILT_PRODUCTS_DIR; };
		A9438DE61B7A3F0400F1A54B /* Info.plist */ = {isa = PBXFileReference; lastKnownFileType = text.plist.xml; path = Info.plist; sourceTree = "<group>"; };
		A9438DE71B7A3F0400F1A54B /* JustUsedTests.swift */ = {isa = PBXFileReference; lastKnownFileType = sourcecode.swift; path = JustUsedTests.swift; sourceTree = "<group>"; };
		A9647CDA1C03853D00485837 /* ChromeHistoryFetcher.swift */ = {isa = PBXFileReference; fileEncoding = 4; lastKnownFileType = sourcecode.swift; path = ChromeHistoryFetcher.swift; sourceTree = "<group>"; };
		A9D4A2D41B7B9B3400EC1D68 /* libsqlite3.dylib */ = {isa = PBXFileReference; lastKnownFileType = "compiled.mach-o.dylib"; name = libsqlite3.dylib; path = usr/lib/libsqlite3.dylib; sourceTree = SDKROOT; };
		A9F3807A1C199E38009251AB /* GenericBrowserHistory.swift */ = {isa = PBXFileReference; fileEncoding = 4; lastKnownFileType = sourcecode.swift; path = GenericBrowserHistory.swift; sourceTree = "<group>"; };
		A9F507721BC7B8DE00275C6C /* Alamofire.xcodeproj */ = {isa = PBXFileReference; lastKnownFileType = "wrapper.pb-project"; name = Alamofire.xcodeproj; path = Alamofire/Alamofire.xcodeproj; sourceTree = "<group>"; };
		A9F507861BC7BA4B00275C6C /* DiMePreferencesViewController.swift */ = {isa = PBXFileReference; fileEncoding = 4; lastKnownFileType = sourcecode.swift; path = DiMePreferencesViewController.swift; sourceTree = "<group>"; };
		A9F507871BC7BA4B00275C6C /* ViewController.swift */ = {isa = PBXFileReference; fileEncoding = 4; lastKnownFileType = sourcecode.swift; path = ViewController.swift; sourceTree = "<group>"; };
		A9F5078A1BC7BF1300275C6C /* HistoryManager.swift */ = {isa = PBXFileReference; fileEncoding = 4; lastKnownFileType = sourcecode.swift; path = HistoryManager.swift; sourceTree = "<group>"; };
		A9F5078C1BC7BF5900275C6C /* DesktopEvent.swift */ = {isa = PBXFileReference; fileEncoding = 4; lastKnownFileType = sourcecode.swift; path = DesktopEvent.swift; sourceTree = "<group>"; };
		A9F5078D1BC7BF5900275C6C /* DiMeData.swift */ = {isa = PBXFileReference; fileEncoding = 4; lastKnownFileType = sourcecode.swift; path = DiMeData.swift; sourceTree = "<group>"; };
		A9F5078E1BC7BF5900275C6C /* DocumentInformationElement.swift */ = {isa = PBXFileReference; fileEncoding = 4; lastKnownFileType = sourcecode.swift; path = DocumentInformationElement.swift; sourceTree = "<group>"; };
		A9F5078F1BC7BF5900275C6C /* Event.swift */ = {isa = PBXFileReference; fileEncoding = 4; lastKnownFileType = sourcecode.swift; path = Event.swift; sourceTree = "<group>"; };
		A9F782061BCFCCE900516E55 /* Location.swift */ = {isa = PBXFileReference; fileEncoding = 4; lastKnownFileType = sourcecode.swift; path = Location.swift; sourceTree = "<group>"; };
/* End PBXFileReference section */

/* Begin PBXFrameworksBuildPhase section */
		A9438DCC1B7A3F0400F1A54B /* Frameworks */ = {
			isa = PBXFrameworksBuildPhase;
			buildActionMask = 2147483647;
			files = (
				A9D4A2D51B7B9B3400EC1D68 /* libsqlite3.dylib in Frameworks */,
			);
			runOnlyForDeploymentPostprocessing = 0;
		};
		A9438DDE1B7A3F0400F1A54B /* Frameworks */ = {
			isa = PBXFrameworksBuildPhase;
			buildActionMask = 2147483647;
			files = (
			);
			runOnlyForDeploymentPostprocessing = 0;
		};
/* End PBXFrameworksBuildPhase section */

/* Begin PBXGroup section */
		A925744C1BCF8EAA004866B4 /* Model */ = {
			isa = PBXGroup;
			children = (
				A92411E61C69FAC900DD6449 /* CalendarManager.swift */,
				A925745D1BCF906A004866B4 /* AppDelegate.swift */,
				A925745E1BCF906A004866B4 /* AppSingleton.swift */,
				A925745F1BCF906A004866B4 /* LocationSingleton.swift */,
				A9F3807A1C199E38009251AB /* GenericBrowserHistory.swift */,
				A92574601BCF906A004866B4 /* SafariHistoryFetcher.swift */,
				A91406721C036D5500C3C2E0 /* FirefoxHistoryFetcher.swift */,
				A9647CDA1C03853D00485837 /* ChromeHistoryFetcher.swift */,
				A914066D1C0348EF00C3C2E0 /* SpotlightDocumentTracker.swift */,
				A92C0AD21BE40EF000F93915 /* RecentDocumentsTracker.swift */,
				A92C0ACC1BE401BC00F93915 /* RecentPlistTracker.swift */,
			);
			name = Model;
			path = JustUsed/Model;
			sourceTree = SOURCE_ROOT;
		};
		A92574521BCF8EC3004866B4 /* Libraries */ = {
			isa = PBXGroup;
			children = (
				A92574691BCF9190004866B4 /* fmdb */,
				A9D4A2D41B7B9B3400EC1D68 /* libsqlite3.dylib */,
				A92574581BCF8FF9004866B4 /* XCGLogger.swift */,
				A92411F21C69FDCB00DD6449 /* SwiftyJSON.swift */,
			);
			name = Libraries;
			path = JustUsed/Libraries;
			sourceTree = SOURCE_ROOT;
		};
		A92574531BCF8F69004866B4 /* Utils */ = {
			isa = PBXGroup;
			children = (
				A925745C1BCF9047004866B4 /* JustUsed-Bridging-Header.h */,
				A92574541BCF8F98004866B4 /* Utils.swift */,
				A925745A1BCF901D004866B4 /* JustUsedConstants.swift */,
			);
			name = Utils;
			path = JustUsed/Utils;
			sourceTree = SOURCE_ROOT;
		};
		A92574691BCF9190004866B4 /* fmdb */ = {
			isa = PBXGroup;
			children = (
				A925746A1BCF9190004866B4 /* FMDatabase.h */,
				A925746B1BCF9190004866B4 /* FMDatabase.m */,
				A925746C1BCF9190004866B4 /* FMDatabaseAdditions.h */,
				A925746D1BCF9190004866B4 /* FMDatabaseAdditions.m */,
				A925746E1BCF9190004866B4 /* FMDatabasePool.h */,
				A925746F1BCF9190004866B4 /* FMDatabasePool.m */,
				A92574701BCF9190004866B4 /* FMDatabaseQueue.h */,
				A92574711BCF9190004866B4 /* FMDatabaseQueue.m */,
				A92574721BCF9190004866B4 /* FMDB.h */,
				A92574731BCF9190004866B4 /* FMResultSet.h */,
				A92574741BCF9190004866B4 /* FMResultSet.m */,
			);
			path = fmdb;
			sourceTree = "<group>";
		};
		A9438DC61B7A3F0300F1A54B = {
			isa = PBXGroup;
			children = (
				A9F507721BC7B8DE00275C6C /* Alamofire.xcodeproj */,
				A9438DD11B7A3F0400F1A54B /* JustUsed */,
				A9438DE41B7A3F0400F1A54B /* JustUsedTests */,
				A9438DD01B7A3F0400F1A54B /* Products */,
			);
			sourceTree = "<group>";
		};
		A9438DD01B7A3F0400F1A54B /* Products */ = {
			isa = PBXGroup;
			children = (
				A9438DCF1B7A3F0400F1A54B /* JustUsed.app */,
				A9438DE11B7A3F0400F1A54B /* JustUsedTests.xctest */,
			);
			name = Products;
			sourceTree = "<group>";
		};
		A9438DD11B7A3F0400F1A54B /* JustUsed */ = {
			isa = PBXGroup;
			children = (
				A92574531BCF8F69004866B4 /* Utils */,
				A92574521BCF8EC3004866B4 /* Libraries */,
				A925744C1BCF8EAA004866B4 /* Model */,
				A9F5076C1BC7B6F000275C6C /* DiMe Data */,
				A9F507851BC7B9CE00275C6C /* UI */,
				A9438DD81B7A3F0400F1A54B /* Images.xcassets */,
				A9438DD21B7A3F0400F1A54B /* Supporting Files */,
			);
			path = JustUsed;
			sourceTree = "<group>";
		};
		A9438DD21B7A3F0400F1A54B /* Supporting Files */ = {
			isa = PBXGroup;
			children = (
				A9438DD31B7A3F0400F1A54B /* Info.plist */,
			);
			name = "Supporting Files";
			sourceTree = "<group>";
		};
		A9438DE41B7A3F0400F1A54B /* JustUsedTests */ = {
			isa = PBXGroup;
			children = (
				A9438DE71B7A3F0400F1A54B /* JustUsedTests.swift */,
				A9438DE51B7A3F0400F1A54B /* Supporting Files */,
			);
			path = JustUsedTests;
			sourceTree = "<group>";
		};
		A9438DE51B7A3F0400F1A54B /* Supporting Files */ = {
			isa = PBXGroup;
			children = (
				A9438DE61B7A3F0400F1A54B /* Info.plist */,
			);
			name = "Supporting Files";
			sourceTree = "<group>";
		};
		A9F5076C1BC7B6F000275C6C /* DiMe Data */ = {
			isa = PBXGroup;
			children = (
				A92411F01C69FD8F00DD6449 /* Person.swift */,
				A9F5078A1BC7BF1300275C6C /* HistoryManager.swift */,
				A92411EE1C69FB3F00DD6449 /* CalendarEvent.swift */,
				A9F5078C1BC7BF5900275C6C /* DesktopEvent.swift */,
				A9F5078D1BC7BF5900275C6C /* DiMeData.swift */,
				A9F5078E1BC7BF5900275C6C /* DocumentInformationElement.swift */,
				A9F5078F1BC7BF5900275C6C /* Event.swift */,
				A9F782061BCFCCE900516E55 /* Location.swift */,
			);
			name = "DiMe Data";
			path = "JustUsed/DiMe Data";
			sourceTree = SOURCE_ROOT;
		};
		A9F507731BC7B8DE00275C6C /* Products */ = {
			isa = PBXGroup;
			children = (
				A9F5077B1BC7B8DE00275C6C /* Alamofire.framework */,
				A9F507811BC7B8DE00275C6C /* Alamofire iOS Tests.xctest */,
				A9F5077D1BC7B8DE00275C6C /* Alamofire.framework */,
				A9F507831BC7B8DE00275C6C /* Alamofire OSX Tests.xctest */,
				A9F380831C199E39009251AB /* Alamofire.framework */,
				A9F380851C199E39009251AB /* Alamofire tvOS Tests.xctest */,
				A9F5077F1BC7B8DE00275C6C /* Alamofire.framework */,
			);
			name = Products;
			sourceTree = "<group>";
		};
		A9F507851BC7B9CE00275C6C /* UI */ = {
			isa = PBXGroup;
			children = (
				A9438DDA1B7A3F0400F1A54B /* Main.storyboard */,
				A9F507861BC7BA4B00275C6C /* DiMePreferencesViewController.swift */,
				A9F507871BC7BA4B00275C6C /* ViewController.swift */,
			);
			name = UI;
			path = JustUsed/UI;
			sourceTree = SOURCE_ROOT;
		};
/* End PBXGroup section */

/* Begin PBXNativeTarget section */
		A9438DCE1B7A3F0400F1A54B /* JustUsed */ = {
			isa = PBXNativeTarget;
			buildConfigurationList = A9438DEB1B7A3F0400F1A54B /* Build configuration list for PBXNativeTarget "JustUsed" */;
			buildPhases = (
				A9438DCB1B7A3F0400F1A54B /* Sources */,
				A9438DCC1B7A3F0400F1A54B /* Frameworks */,
				A9438DCD1B7A3F0400F1A54B /* Resources */,
				A9D894231BD00EED00314475 /* Embed Frameworks */,
			);
			buildRules = (
			);
			dependencies = (
				A9D894221BD00EED00314475 /* PBXTargetDependency */,
			);
			name = JustUsed;
			productName = JustUsed;
			productReference = A9438DCF1B7A3F0400F1A54B /* JustUsed.app */;
			productType = "com.apple.product-type.application";
		};
		A9438DE01B7A3F0400F1A54B /* JustUsedTests */ = {
			isa = PBXNativeTarget;
			buildConfigurationList = A9438DEE1B7A3F0400F1A54B /* Build configuration list for PBXNativeTarget "JustUsedTests" */;
			buildPhases = (
				A9438DDD1B7A3F0400F1A54B /* Sources */,
				A9438DDE1B7A3F0400F1A54B /* Frameworks */,
				A9438DDF1B7A3F0400F1A54B /* Resources */,
			);
			buildRules = (
			);
			dependencies = (
				A9438DE31B7A3F0400F1A54B /* PBXTargetDependency */,
			);
			name = JustUsedTests;
			productName = JustUsedTests;
			productReference = A9438DE11B7A3F0400F1A54B /* JustUsedTests.xctest */;
			productType = "com.apple.product-type.bundle.unit-test";
		};
/* End PBXNativeTarget section */

/* Begin PBXProject section */
		A9438DC71B7A3F0300F1A54B /* Project object */ = {
			isa = PBXProject;
			attributes = {
				LastSwiftMigration = 0700;
				LastSwiftUpdateCheck = 0700;
				LastUpgradeCheck = 0700;
				ORGANIZATIONNAME = HIIT;
				TargetAttributes = {
					A9438DCE1B7A3F0400F1A54B = {
						CreatedOnToolsVersion = 6.4;
						DevelopmentTeam = JYV3R5X7JQ;
					};
					A9438DE01B7A3F0400F1A54B = {
						CreatedOnToolsVersion = 6.4;
						TestTargetID = A9438DCE1B7A3F0400F1A54B;
					};
				};
			};
			buildConfigurationList = A9438DCA1B7A3F0300F1A54B /* Build configuration list for PBXProject "JustUsed" */;
			compatibilityVersion = "Xcode 3.2";
			developmentRegion = English;
			hasScannedForEncodings = 0;
			knownRegions = (
				en,
				Base,
			);
			mainGroup = A9438DC61B7A3F0300F1A54B;
			productRefGroup = A9438DD01B7A3F0400F1A54B /* Products */;
			projectDirPath = "";
			projectReferences = (
				{
					ProductGroup = A9F507731BC7B8DE00275C6C /* Products */;
					ProjectRef = A9F507721BC7B8DE00275C6C /* Alamofire.xcodeproj */;
				},
			);
			projectRoot = "";
			targets = (
				A9438DCE1B7A3F0400F1A54B /* JustUsed */,
				A9438DE01B7A3F0400F1A54B /* JustUsedTests */,
			);
		};
/* End PBXProject section */

/* Begin PBXReferenceProxy section */
		A9F380831C199E39009251AB /* Alamofire.framework */ = {
			isa = PBXReferenceProxy;
			fileType = wrapper.framework;
			path = Alamofire.framework;
			remoteRef = A9F380821C199E39009251AB /* PBXContainerItemProxy */;
			sourceTree = BUILT_PRODUCTS_DIR;
		};
		A9F380851C199E39009251AB /* Alamofire tvOS Tests.xctest */ = {
			isa = PBXReferenceProxy;
			fileType = wrapper.cfbundle;
			path = "Alamofire tvOS Tests.xctest";
			remoteRef = A9F380841C199E39009251AB /* PBXContainerItemProxy */;
			sourceTree = BUILT_PRODUCTS_DIR;
		};
		A9F5077B1BC7B8DE00275C6C /* Alamofire.framework */ = {
			isa = PBXReferenceProxy;
			fileType = wrapper.framework;
			path = Alamofire.framework;
			remoteRef = A9F5077A1BC7B8DE00275C6C /* PBXContainerItemProxy */;
			sourceTree = BUILT_PRODUCTS_DIR;
		};
		A9F5077D1BC7B8DE00275C6C /* Alamofire.framework */ = {
			isa = PBXReferenceProxy;
			fileType = wrapper.framework;
			path = Alamofire.framework;
			remoteRef = A9F5077C1BC7B8DE00275C6C /* PBXContainerItemProxy */;
			sourceTree = BUILT_PRODUCTS_DIR;
		};
		A9F5077F1BC7B8DE00275C6C /* Alamofire.framework */ = {
			isa = PBXReferenceProxy;
			fileType = wrapper.framework;
			path = Alamofire.framework;
			remoteRef = A9F5077E1BC7B8DE00275C6C /* PBXContainerItemProxy */;
			sourceTree = BUILT_PRODUCTS_DIR;
		};
		A9F507811BC7B8DE00275C6C /* Alamofire iOS Tests.xctest */ = {
			isa = PBXReferenceProxy;
			fileType = wrapper.cfbundle;
			path = "Alamofire iOS Tests.xctest";
			remoteRef = A9F507801BC7B8DE00275C6C /* PBXContainerItemProxy */;
			sourceTree = BUILT_PRODUCTS_DIR;
		};
		A9F507831BC7B8DE00275C6C /* Alamofire OSX Tests.xctest */ = {
			isa = PBXReferenceProxy;
			fileType = wrapper.cfbundle;
			path = "Alamofire OSX Tests.xctest";
			remoteRef = A9F507821BC7B8DE00275C6C /* PBXContainerItemProxy */;
			sourceTree = BUILT_PRODUCTS_DIR;
		};
/* End PBXReferenceProxy section */

/* Begin PBXResourcesBuildPhase section */
		A9438DCD1B7A3F0400F1A54B /* Resources */ = {
			isa = PBXResourcesBuildPhase;
			buildActionMask = 2147483647;
			files = (
				A9438DD91B7A3F0400F1A54B /* Images.xcassets in Resources */,
				A9438DDC1B7A3F0400F1A54B /* Main.storyboard in Resources */,
			);
			runOnlyForDeploymentPostprocessing = 0;
		};
		A9438DDF1B7A3F0400F1A54B /* Resources */ = {
			isa = PBXResourcesBuildPhase;
			buildActionMask = 2147483647;
			files = (
			);
			runOnlyForDeploymentPostprocessing = 0;
		};
/* End PBXResourcesBuildPhase section */

/* Begin PBXSourcesBuildPhase section */
		A9438DCB1B7A3F0400F1A54B /* Sources */ = {
			isa = PBXSourcesBuildPhase;
			buildActionMask = 2147483647;
			files = (
				A92574621BCF906A004866B4 /* AppDelegate.swift in Sources */,
				A92574631BCF906A004866B4 /* AppSingleton.swift in Sources */,
				A9F507921BC7BF5900275C6C /* DocumentInformationElement.swift in Sources */,
				A92411F31C69FDCB00DD6449 /* SwiftyJSON.swift in Sources */,
				A92574761BCF9190004866B4 /* FMDatabaseAdditions.m in Sources */,
				A9F507881BC7BA4B00275C6C /* DiMePreferencesViewController.swift in Sources */,
				A9F507901BC7BF5900275C6C /* DesktopEvent.swift in Sources */,
				A92411EF1C69FB3F00DD6449 /* CalendarEvent.swift in Sources */,
				A9F5078B1BC7BF1300275C6C /* HistoryManager.swift in Sources */,
				A92574651BCF906A004866B4 /* SafariHistoryFetcher.swift in Sources */,
				A92411F11C69FD8F00DD6449 /* Person.swift in Sources */,
				A92574781BCF9190004866B4 /* FMDatabaseQueue.m in Sources */,
				A9F507891BC7BA4B00275C6C /* ViewController.swift in Sources */,
				A914066E1C0348EF00C3C2E0 /* SpotlightDocumentTracker.swift in Sources */,
				A9F3807B1C199E38009251AB /* GenericBrowserHistory.swift in Sources */,
				A92411E71C69FAC900DD6449 /* CalendarManager.swift in Sources */,
				A92574591BCF8FF9004866B4 /* XCGLogger.swift in Sources */,
				A91406731C036D5500C3C2E0 /* FirefoxHistoryFetcher.swift in Sources */,
				A92574641BCF906A004866B4 /* LocationSingleton.swift in Sources */,
				A9F782071BCFCCE900516E55 /* Location.swift in Sources */,
				A9F507931BC7BF5900275C6C /* Event.swift in Sources */,
				A92574791BCF9190004866B4 /* FMResultSet.m in Sources */,
				A92574771BCF9190004866B4 /* FMDatabasePool.m in Sources */,
				A92574551BCF8F98004866B4 /* Utils.swift in Sources */,
				A92C0AD31BE40EF000F93915 /* RecentDocumentsTracker.swift in Sources */,
				A9F507911BC7BF5900275C6C /* DiMeData.swift in Sources */,
				A925745B1BCF901D004866B4 /* JustUsedConstants.swift in Sources */,
				A9647CDB1C03853D00485837 /* ChromeHistoryFetcher.swift in Sources */,
				A92C0ACD1BE401BC00F93915 /* RecentPlistTracker.swift in Sources */,
				A92574751BCF9190004866B4 /* FMDatabase.m in Sources */,
			);
			runOnlyForDeploymentPostprocessing = 0;
		};
		A9438DDD1B7A3F0400F1A54B /* Sources */ = {
			isa = PBXSourcesBuildPhase;
			buildActionMask = 2147483647;
			files = (
				A9438DE81B7A3F0400F1A54B /* JustUsedTests.swift in Sources */,
			);
			runOnlyForDeploymentPostprocessing = 0;
		};
/* End PBXSourcesBuildPhase section */

/* Begin PBXTargetDependency section */
		A9438DE31B7A3F0400F1A54B /* PBXTargetDependency */ = {
			isa = PBXTargetDependency;
			target = A9438DCE1B7A3F0400F1A54B /* JustUsed */;
			targetProxy = A9438DE21B7A3F0400F1A54B /* PBXContainerItemProxy */;
		};
		A9D894221BD00EED00314475 /* PBXTargetDependency */ = {
			isa = PBXTargetDependency;
			name = "Alamofire OSX";
			targetProxy = A9D894211BD00EED00314475 /* PBXContainerItemProxy */;
		};
/* End PBXTargetDependency section */

/* Begin PBXVariantGroup section */
		A9438DDA1B7A3F0400F1A54B /* Main.storyboard */ = {
			isa = PBXVariantGroup;
			children = (
				A9438DDB1B7A3F0400F1A54B /* Base */,
			);
			name = Main.storyboard;
			path = ..;
			sourceTree = "<group>";
		};
/* End PBXVariantGroup section */

/* Begin XCBuildConfiguration section */
		A9438DE91B7A3F0400F1A54B /* Debug */ = {
			isa = XCBuildConfiguration;
			buildSettings = {
				ALWAYS_SEARCH_USER_PATHS = NO;
				CLANG_CXX_LANGUAGE_STANDARD = "gnu++0x";
				CLANG_CXX_LIBRARY = "libc++";
				CLANG_ENABLE_MODULES = YES;
				CLANG_ENABLE_OBJC_ARC = YES;
				CLANG_WARN_BOOL_CONVERSION = YES;
				CLANG_WARN_CONSTANT_CONVERSION = YES;
				CLANG_WARN_DIRECT_OBJC_ISA_USAGE = YES_ERROR;
				CLANG_WARN_EMPTY_BODY = YES;
				CLANG_WARN_ENUM_CONVERSION = YES;
				CLANG_WARN_INT_CONVERSION = YES;
				CLANG_WARN_OBJC_ROOT_CLASS = YES_ERROR;
				CLANG_WARN_UNREACHABLE_CODE = YES;
				CLANG_WARN__DUPLICATE_METHOD_MATCH = YES;
				CODE_SIGN_IDENTITY = "-";
				COPY_PHASE_STRIP = NO;
				DEBUG_INFORMATION_FORMAT = dwarf;
				ENABLE_STRICT_OBJC_MSGSEND = YES;
				ENABLE_TESTABILITY = YES;
				GCC_C_LANGUAGE_STANDARD = gnu99;
				GCC_DYNAMIC_NO_PIC = NO;
				GCC_NO_COMMON_BLOCKS = YES;
				GCC_OPTIMIZATION_LEVEL = 0;
				GCC_PREPROCESSOR_DEFINITIONS = (
					"DEBUG=1",
					"$(inherited)",
				);
				GCC_SYMBOLS_PRIVATE_EXTERN = NO;
				GCC_WARN_64_TO_32_BIT_CONVERSION = YES;
				GCC_WARN_ABOUT_RETURN_TYPE = YES_ERROR;
				GCC_WARN_UNDECLARED_SELECTOR = YES;
				GCC_WARN_UNINITIALIZED_AUTOS = YES_AGGRESSIVE;
				GCC_WARN_UNUSED_FUNCTION = YES;
				GCC_WARN_UNUSED_VARIABLE = YES;
				MACOSX_DEPLOYMENT_TARGET = 10.10;
				MTL_ENABLE_DEBUG_INFO = YES;
				ONLY_ACTIVE_ARCH = YES;
				SDKROOT = macosx;
				SWIFT_OPTIMIZATION_LEVEL = "-Onone";
			};
			name = Debug;
		};
		A9438DEA1B7A3F0400F1A54B /* Release */ = {
			isa = XCBuildConfiguration;
			buildSettings = {
				ALWAYS_SEARCH_USER_PATHS = NO;
				CLANG_CXX_LANGUAGE_STANDARD = "gnu++0x";
				CLANG_CXX_LIBRARY = "libc++";
				CLANG_ENABLE_MODULES = YES;
				CLANG_ENABLE_OBJC_ARC = YES;
				CLANG_WARN_BOOL_CONVERSION = YES;
				CLANG_WARN_CONSTANT_CONVERSION = YES;
				CLANG_WARN_DIRECT_OBJC_ISA_USAGE = YES_ERROR;
				CLANG_WARN_EMPTY_BODY = YES;
				CLANG_WARN_ENUM_CONVERSION = YES;
				CLANG_WARN_INT_CONVERSION = YES;
				CLANG_WARN_OBJC_ROOT_CLASS = YES_ERROR;
				CLANG_WARN_UNREACHABLE_CODE = YES;
				CLANG_WARN__DUPLICATE_METHOD_MATCH = YES;
				CODE_SIGN_IDENTITY = "-";
				COPY_PHASE_STRIP = NO;
				DEBUG_INFORMATION_FORMAT = "dwarf-with-dsym";
				ENABLE_NS_ASSERTIONS = NO;
				ENABLE_STRICT_OBJC_MSGSEND = YES;
				GCC_C_LANGUAGE_STANDARD = gnu99;
				GCC_NO_COMMON_BLOCKS = YES;
				GCC_WARN_64_TO_32_BIT_CONVERSION = YES;
				GCC_WARN_ABOUT_RETURN_TYPE = YES_ERROR;
				GCC_WARN_UNDECLARED_SELECTOR = YES;
				GCC_WARN_UNINITIALIZED_AUTOS = YES_AGGRESSIVE;
				GCC_WARN_UNUSED_FUNCTION = YES;
				GCC_WARN_UNUSED_VARIABLE = YES;
				MACOSX_DEPLOYMENT_TARGET = 10.10;
				MTL_ENABLE_DEBUG_INFO = NO;
				SDKROOT = macosx;
			};
			name = Release;
		};
		A9438DEC1B7A3F0400F1A54B /* Debug */ = {
			isa = XCBuildConfiguration;
			buildSettings = {
				ASSETCATALOG_COMPILER_APPICON_NAME = AppIcon;
				CODE_SIGN_IDENTITY = "Developer ID Application";
				"CODE_SIGN_IDENTITY[sdk=macosx*]" = "Mac Developer";
				COMBINE_HIDPI_IMAGES = YES;
				EMBEDDED_CONTENT_CONTAINS_SWIFT = YES;
				INFOPLIST_FILE = JustUsed/Info.plist;
				LD_RUNPATH_SEARCH_PATHS = "$(inherited) @executable_path/../Frameworks";
				MACOSX_DEPLOYMENT_TARGET = 10.10;
				PRODUCT_BUNDLE_IDENTIFIER = fi.hiit.JustUsed;
				PRODUCT_NAME = "$(TARGET_NAME)";
				PROVISIONING_PROFILE = "";
				SWIFT_OBJC_BRIDGING_HEADER = "JustUsed/Utils/JustUsed-Bridging-Header.h";
			};
			name = Debug;
		};
		A9438DED1B7A3F0400F1A54B /* Release */ = {
			isa = XCBuildConfiguration;
			buildSettings = {
				ASSETCATALOG_COMPILER_APPICON_NAME = AppIcon;
				CODE_SIGN_IDENTITY = "Developer ID Application";
				"CODE_SIGN_IDENTITY[sdk=macosx*]" = "Mac Developer";
				COMBINE_HIDPI_IMAGES = YES;
				EMBEDDED_CONTENT_CONTAINS_SWIFT = YES;
				INFOPLIST_FILE = JustUsed/Info.plist;
				LD_RUNPATH_SEARCH_PATHS = "$(inherited) @executable_path/../Frameworks";
				MACOSX_DEPLOYMENT_TARGET = 10.10;
				PRODUCT_BUNDLE_IDENTIFIER = fi.hiit.JustUsed;
				PRODUCT_NAME = "$(TARGET_NAME)";
				PROVISIONING_PROFILE = "";
				SWIFT_OBJC_BRIDGING_HEADER = "JustUsed/Utils/JustUsed-Bridging-Header.h";
			};
			name = Release;
		};
		A9438DEF1B7A3F0400F1A54B /* Debug */ = {
			isa = XCBuildConfiguration;
			buildSettings = {
				BUNDLE_LOADER = "$(TEST_HOST)";
				COMBINE_HIDPI_IMAGES = YES;
				FRAMEWORK_SEARCH_PATHS = (
					"$(DEVELOPER_FRAMEWORKS_DIR)",
					"$(inherited)",
				);
				GCC_PREPROCESSOR_DEFINITIONS = (
					"DEBUG=1",
					"$(inherited)",
				);
				INFOPLIST_FILE = JustUsedTests/Info.plist;
				LD_RUNPATH_SEARCH_PATHS = "$(inherited) @executable_path/../Frameworks @loader_path/../Frameworks";
				PRODUCT_BUNDLE_IDENTIFIER = "hiit.$(PRODUCT_NAME:rfc1034identifier)";
				PRODUCT_NAME = "$(TARGET_NAME)";
				TEST_HOST = "$(BUILT_PRODUCTS_DIR)/JustUsed.app/Contents/MacOS/JustUsed";
			};
			name = Debug;
		};
		A9438DF01B7A3F0400F1A54B /* Release */ = {
			isa = XCBuildConfiguration;
			buildSettings = {
				BUNDLE_LOADER = "$(TEST_HOST)";
				COMBINE_HIDPI_IMAGES = YES;
				FRAMEWORK_SEARCH_PATHS = (
					"$(DEVELOPER_FRAMEWORKS_DIR)",
					"$(inherited)",
				);
				INFOPLIST_FILE = JustUsedTests/Info.plist;
				LD_RUNPATH_SEARCH_PATHS = "$(inherited) @executable_path/../Frameworks @loader_path/../Frameworks";
				PRODUCT_BUNDLE_IDENTIFIER = "hiit.$(PRODUCT_NAME:rfc1034identifier)";
				PRODUCT_NAME = "$(TARGET_NAME)";
				TEST_HOST = "$(BUILT_PRODUCTS_DIR)/JustUsed.app/Contents/MacOS/JustUsed";
			};
			name = Release;
		};
/* End XCBuildConfiguration section */

/* Begin XCConfigurationList section */
		A9438DCA1B7A3F0300F1A54B /* Build configuration list for PBXProject "JustUsed" */ = {
			isa = XCConfigurationList;
			buildConfigurations = (
				A9438DE91B7A3F0400F1A54B /* Debug */,
				A9438DEA1B7A3F0400F1A54B /* Release */,
			);
			defaultConfigurationIsVisible = 0;
			defaultConfigurationName = Release;
		};
		A9438DEB1B7A3F0400F1A54B /* Build configuration list for PBXNativeTarget "JustUsed" */ = {
			isa = XCConfigurationList;
			buildConfigurations = (
				A9438DEC1B7A3F0400F1A54B /* Debug */,
				A9438DED1B7A3F0400F1A54B /* Release */,
			);
			defaultConfigurationIsVisible = 0;
			defaultConfigurationName = Release;
		};
		A9438DEE1B7A3F0400F1A54B /* Build configuration list for PBXNativeTarget "JustUsedTests" */ = {
			isa = XCConfigurationList;
			buildConfigurations = (
				A9438DEF1B7A3F0400F1A54B /* Debug */,
				A9438DF01B7A3F0400F1A54B /* Release */,
			);
			defaultConfigurationIsVisible = 0;
			defaultConfigurationName = Release;
		};
/* End XCConfigurationList section */
	};
	rootObject = A9438DC71B7A3F0300F1A54B /* Project object */;
}
