// !$*UTF8*$!
{
	archiveVersion = 1;
	classes = {
	};
	objectVersion = 46;
	objects = {

/* Begin PBXBuildFile section */
		A913AA7D1B7C9CE700B9EFD1 /* SafariHistoryFetcher.swift in Sources */ = {isa = PBXBuildFile; fileRef = A913AA7C1B7C9CE700B9EFD1 /* SafariHistoryFetcher.swift */; };
		A913AA7F1B7CB75800B9EFD1 /* SpotlightTrackerSingleton.swift in Sources */ = {isa = PBXBuildFile; fileRef = A913AA7E1B7CB75800B9EFD1 /* SpotlightTrackerSingleton.swift */; };
		A913AA831B7CB89A00B9EFD1 /* JustUsedConstants.swift in Sources */ = {isa = PBXBuildFile; fileRef = A913AA821B7CB89A00B9EFD1 /* JustUsedConstants.swift */; };
		A913AA851B7CFF9100B9EFD1 /* XCGLogger.swift in Sources */ = {isa = PBXBuildFile; fileRef = A913AA841B7CFF9100B9EFD1 /* XCGLogger.swift */; };
		A913AA871B7D019C00B9EFD1 /* AppSingleton.swift in Sources */ = {isa = PBXBuildFile; fileRef = A913AA861B7D019C00B9EFD1 /* AppSingleton.swift */; };
		A9438DD51B7A3F0400F1A54B /* AppDelegate.swift in Sources */ = {isa = PBXBuildFile; fileRef = A9438DD41B7A3F0400F1A54B /* AppDelegate.swift */; };
		A9438DD71B7A3F0400F1A54B /* ViewController.swift in Sources */ = {isa = PBXBuildFile; fileRef = A9438DD61B7A3F0400F1A54B /* ViewController.swift */; };
		A9438DD91B7A3F0400F1A54B /* Images.xcassets in Resources */ = {isa = PBXBuildFile; fileRef = A9438DD81B7A3F0400F1A54B /* Images.xcassets */; };
		A9438DDC1B7A3F0400F1A54B /* Main.storyboard in Resources */ = {isa = PBXBuildFile; fileRef = A9438DDA1B7A3F0400F1A54B /* Main.storyboard */; };
		A9438DE81B7A3F0400F1A54B /* JustUsedTests.swift in Sources */ = {isa = PBXBuildFile; fileRef = A9438DE71B7A3F0400F1A54B /* JustUsedTests.swift */; };
		A9D4A2D51B7B9B3400EC1D68 /* libsqlite3.dylib in Frameworks */ = {isa = PBXBuildFile; fileRef = A9D4A2D41B7B9B3400EC1D68 /* libsqlite3.dylib */; };
		A9D4A2E31B7B9C5B00EC1D68 /* FMDatabase.m in Sources */ = {isa = PBXBuildFile; fileRef = A9D4A2D91B7B9C5B00EC1D68 /* FMDatabase.m */; };
		A9D4A2E41B7B9C5B00EC1D68 /* FMDatabaseAdditions.m in Sources */ = {isa = PBXBuildFile; fileRef = A9D4A2DB1B7B9C5B00EC1D68 /* FMDatabaseAdditions.m */; };
		A9D4A2E51B7B9C5B00EC1D68 /* FMDatabasePool.m in Sources */ = {isa = PBXBuildFile; fileRef = A9D4A2DD1B7B9C5B00EC1D68 /* FMDatabasePool.m */; };
		A9D4A2E61B7B9C5B00EC1D68 /* FMDatabaseQueue.m in Sources */ = {isa = PBXBuildFile; fileRef = A9D4A2DF1B7B9C5B00EC1D68 /* FMDatabaseQueue.m */; };
		A9D4A2E71B7B9C5B00EC1D68 /* FMResultSet.m in Sources */ = {isa = PBXBuildFile; fileRef = A9D4A2E21B7B9C5B00EC1D68 /* FMResultSet.m */; };
		A9FD30B81B7B2E8E0010514C /* LocationSingleton.swift in Sources */ = {isa = PBXBuildFile; fileRef = A9FD30B71B7B2E8E0010514C /* LocationSingleton.swift */; };
/* End PBXBuildFile section */

/* Begin PBXContainerItemProxy section */
		A9438DE21B7A3F0400F1A54B /* PBXContainerItemProxy */ = {
			isa = PBXContainerItemProxy;
			containerPortal = A9438DC71B7A3F0300F1A54B /* Project object */;
			proxyType = 1;
			remoteGlobalIDString = A9438DCE1B7A3F0400F1A54B;
			remoteInfo = JustUsed;
		};
/* End PBXContainerItemProxy section */

/* Begin PBXFileReference section */
		A913AA7C1B7C9CE700B9EFD1 /* SafariHistoryFetcher.swift */ = {isa = PBXFileReference; fileEncoding = 4; lastKnownFileType = sourcecode.swift; path = SafariHistoryFetcher.swift; sourceTree = "<group>"; };
		A913AA7E1B7CB75800B9EFD1 /* SpotlightTrackerSingleton.swift */ = {isa = PBXFileReference; fileEncoding = 4; lastKnownFileType = sourcecode.swift; path = SpotlightTrackerSingleton.swift; sourceTree = "<group>"; };
		A913AA821B7CB89A00B9EFD1 /* JustUsedConstants.swift */ = {isa = PBXFileReference; fileEncoding = 4; lastKnownFileType = sourcecode.swift; path = JustUsedConstants.swift; sourceTree = "<group>"; };
		A913AA841B7CFF9100B9EFD1 /* XCGLogger.swift */ = {isa = PBXFileReference; fileEncoding = 4; lastKnownFileType = sourcecode.swift; name = XCGLogger.swift; path = JustUsed/XCGLogger.swift; sourceTree = "<group>"; };
		A913AA861B7D019C00B9EFD1 /* AppSingleton.swift */ = {isa = PBXFileReference; fileEncoding = 4; lastKnownFileType = sourcecode.swift; path = AppSingleton.swift; sourceTree = "<group>"; };
		A9438DCF1B7A3F0400F1A54B /* JustUsed.app */ = {isa = PBXFileReference; explicitFileType = wrapper.application; includeInIndex = 0; path = JustUsed.app; sourceTree = BUILT_PRODUCTS_DIR; };
		A9438DD31B7A3F0400F1A54B /* Info.plist */ = {isa = PBXFileReference; lastKnownFileType = text.plist.xml; path = Info.plist; sourceTree = "<group>"; };
		A9438DD41B7A3F0400F1A54B /* AppDelegate.swift */ = {isa = PBXFileReference; lastKnownFileType = sourcecode.swift; path = AppDelegate.swift; sourceTree = "<group>"; };
		A9438DD61B7A3F0400F1A54B /* ViewController.swift */ = {isa = PBXFileReference; lastKnownFileType = sourcecode.swift; path = ViewController.swift; sourceTree = "<group>"; };
		A9438DD81B7A3F0400F1A54B /* Images.xcassets */ = {isa = PBXFileReference; lastKnownFileType = folder.assetcatalog; path = Images.xcassets; sourceTree = "<group>"; };
		A9438DDB1B7A3F0400F1A54B /* Base */ = {isa = PBXFileReference; lastKnownFileType = file.storyboard; name = Base; path = Base.lproj/Main.storyboard; sourceTree = "<group>"; };
		A9438DE11B7A3F0400F1A54B /* JustUsedTests.xctest */ = {isa = PBXFileReference; explicitFileType = wrapper.cfbundle; includeInIndex = 0; path = JustUsedTests.xctest; sourceTree = BUILT_PRODUCTS_DIR; };
		A9438DE61B7A3F0400F1A54B /* Info.plist */ = {isa = PBXFileReference; lastKnownFileType = text.plist.xml; path = Info.plist; sourceTree = "<group>"; };
		A9438DE71B7A3F0400F1A54B /* JustUsedTests.swift */ = {isa = PBXFileReference; lastKnownFileType = sourcecode.swift; path = JustUsedTests.swift; sourceTree = "<group>"; };
		A9D4A2D41B7B9B3400EC1D68 /* libsqlite3.dylib */ = {isa = PBXFileReference; lastKnownFileType = "compiled.mach-o.dylib"; name = libsqlite3.dylib; path = usr/lib/libsqlite3.dylib; sourceTree = SDKROOT; };
		A9D4A2D61B7B9C4F00EC1D68 /* JustUsed-Bridging-Header.h */ = {isa = PBXFileReference; fileEncoding = 4; lastKnownFileType = sourcecode.c.h; name = "JustUsed-Bridging-Header.h"; path = "JustUsed/JustUsed-Bridging-Header.h"; sourceTree = "<group>"; };
		A9D4A2D81B7B9C5B00EC1D68 /* FMDatabase.h */ = {isa = PBXFileReference; fileEncoding = 4; lastKnownFileType = sourcecode.c.h; path = FMDatabase.h; sourceTree = "<group>"; };
		A9D4A2D91B7B9C5B00EC1D68 /* FMDatabase.m */ = {isa = PBXFileReference; fileEncoding = 4; lastKnownFileType = sourcecode.c.objc; path = FMDatabase.m; sourceTree = "<group>"; };
		A9D4A2DA1B7B9C5B00EC1D68 /* FMDatabaseAdditions.h */ = {isa = PBXFileReference; fileEncoding = 4; lastKnownFileType = sourcecode.c.h; path = FMDatabaseAdditions.h; sourceTree = "<group>"; };
		A9D4A2DB1B7B9C5B00EC1D68 /* FMDatabaseAdditions.m */ = {isa = PBXFileReference; fileEncoding = 4; lastKnownFileType = sourcecode.c.objc; path = FMDatabaseAdditions.m; sourceTree = "<group>"; };
		A9D4A2DC1B7B9C5B00EC1D68 /* FMDatabasePool.h */ = {isa = PBXFileReference; fileEncoding = 4; lastKnownFileType = sourcecode.c.h; path = FMDatabasePool.h; sourceTree = "<group>"; };
		A9D4A2DD1B7B9C5B00EC1D68 /* FMDatabasePool.m */ = {isa = PBXFileReference; fileEncoding = 4; lastKnownFileType = sourcecode.c.objc; path = FMDatabasePool.m; sourceTree = "<group>"; };
		A9D4A2DE1B7B9C5B00EC1D68 /* FMDatabaseQueue.h */ = {isa = PBXFileReference; fileEncoding = 4; lastKnownFileType = sourcecode.c.h; path = FMDatabaseQueue.h; sourceTree = "<group>"; };
		A9D4A2DF1B7B9C5B00EC1D68 /* FMDatabaseQueue.m */ = {isa = PBXFileReference; fileEncoding = 4; lastKnownFileType = sourcecode.c.objc; path = FMDatabaseQueue.m; sourceTree = "<group>"; };
		A9D4A2E01B7B9C5B00EC1D68 /* FMDB.h */ = {isa = PBXFileReference; fileEncoding = 4; lastKnownFileType = sourcecode.c.h; path = FMDB.h; sourceTree = "<group>"; };
		A9D4A2E11B7B9C5B00EC1D68 /* FMResultSet.h */ = {isa = PBXFileReference; fileEncoding = 4; lastKnownFileType = sourcecode.c.h; path = FMResultSet.h; sourceTree = "<group>"; };
		A9D4A2E21B7B9C5B00EC1D68 /* FMResultSet.m */ = {isa = PBXFileReference; fileEncoding = 4; lastKnownFileType = sourcecode.c.objc; path = FMResultSet.m; sourceTree = "<group>"; };
		A9FD30B71B7B2E8E0010514C /* LocationSingleton.swift */ = {isa = PBXFileReference; fileEncoding = 4; lastKnownFileType = sourcecode.swift; path = LocationSingleton.swift; sourceTree = "<group>"; };
/* End PBXFileReference section */

/* Begin PBXFrameworksBuildPhase section */
		A9438DCC1B7A3F0400F1A54B /* Frameworks */ = {
			isa = PBXFrameworksBuildPhase;
			buildActionMask = 2147483647;
			files = (
				A9D4A2D51B7B9B3400EC1D68 /* libsqlite3.dylib in Frameworks */,
			);
			runOnlyForDeploymentPostprocessing = 0;
		};
		A9438DDE1B7A3F0400F1A54B /* Frameworks */ = {
			isa = PBXFrameworksBuildPhase;
			buildActionMask = 2147483647;
			files = (
			);
			runOnlyForDeploymentPostprocessing = 0;
		};
/* End PBXFrameworksBuildPhase section */

/* Begin PBXGroup section */
		A9438DC61B7A3F0300F1A54B = {
			isa = PBXGroup;
			children = (
				A913AA841B7CFF9100B9EFD1 /* XCGLogger.swift */,
				A9D4A2D71B7B9C5B00EC1D68 /* fmdb */,
				A9D4A2D61B7B9C4F00EC1D68 /* JustUsed-Bridging-Header.h */,
				A9D4A2D41B7B9B3400EC1D68 /* libsqlite3.dylib */,
				A9438DD11B7A3F0400F1A54B /* JustUsed */,
				A9438DE41B7A3F0400F1A54B /* JustUsedTests */,
				A9438DD01B7A3F0400F1A54B /* Products */,
			);
			sourceTree = "<group>";
		};
		A9438DD01B7A3F0400F1A54B /* Products */ = {
			isa = PBXGroup;
			children = (
				A9438DCF1B7A3F0400F1A54B /* JustUsed.app */,
				A9438DE11B7A3F0400F1A54B /* JustUsedTests.xctest */,
			);
			name = Products;
			sourceTree = "<group>";
		};
		A9438DD11B7A3F0400F1A54B /* JustUsed */ = {
			isa = PBXGroup;
			children = (
				A9438DDA1B7A3F0400F1A54B /* Main.storyboard */,
				A9438DD41B7A3F0400F1A54B /* AppDelegate.swift */,
				A913AA861B7D019C00B9EFD1 /* AppSingleton.swift */,
				A9438DD61B7A3F0400F1A54B /* ViewController.swift */,
				A913AA821B7CB89A00B9EFD1 /* JustUsedConstants.swift */,
				A913AA7C1B7C9CE700B9EFD1 /* SafariHistoryFetcher.swift */,
				A9FD30B71B7B2E8E0010514C /* LocationSingleton.swift */,
				A913AA7E1B7CB75800B9EFD1 /* SpotlightTrackerSingleton.swift */,
				A9438DD81B7A3F0400F1A54B /* Images.xcassets */,
				A9438DD21B7A3F0400F1A54B /* Supporting Files */,
			);
			path = JustUsed;
			sourceTree = "<group>";
		};
		A9438DD21B7A3F0400F1A54B /* Supporting Files */ = {
			isa = PBXGroup;
			children = (
				A9438DD31B7A3F0400F1A54B /* Info.plist */,
			);
			name = "Supporting Files";
			sourceTree = "<group>";
		};
		A9438DE41B7A3F0400F1A54B /* JustUsedTests */ = {
			isa = PBXGroup;
			children = (
				A9438DE71B7A3F0400F1A54B /* JustUsedTests.swift */,
				A9438DE51B7A3F0400F1A54B /* Supporting Files */,
			);
			path = JustUsedTests;
			sourceTree = "<group>";
		};
		A9438DE51B7A3F0400F1A54B /* Supporting Files */ = {
			isa = PBXGroup;
			children = (
				A9438DE61B7A3F0400F1A54B /* Info.plist */,
			);
			name = "Supporting Files";
			sourceTree = "<group>";
		};
		A9D4A2D71B7B9C5B00EC1D68 /* fmdb */ = {
			isa = PBXGroup;
			children = (
				A9D4A2D81B7B9C5B00EC1D68 /* FMDatabase.h */,
				A9D4A2D91B7B9C5B00EC1D68 /* FMDatabase.m */,
				A9D4A2DA1B7B9C5B00EC1D68 /* FMDatabaseAdditions.h */,
				A9D4A2DB1B7B9C5B00EC1D68 /* FMDatabaseAdditions.m */,
				A9D4A2DC1B7B9C5B00EC1D68 /* FMDatabasePool.h */,
				A9D4A2DD1B7B9C5B00EC1D68 /* FMDatabasePool.m */,
				A9D4A2DE1B7B9C5B00EC1D68 /* FMDatabaseQueue.h */,
				A9D4A2DF1B7B9C5B00EC1D68 /* FMDatabaseQueue.m */,
				A9D4A2E01B7B9C5B00EC1D68 /* FMDB.h */,
				A9D4A2E11B7B9C5B00EC1D68 /* FMResultSet.h */,
				A9D4A2E21B7B9C5B00EC1D68 /* FMResultSet.m */,
			);
			name = fmdb;
			path = JustUsed/fmdb;
			sourceTree = "<group>";
		};
/* End PBXGroup section */

/* Begin PBXNativeTarget section */
		A9438DCE1B7A3F0400F1A54B /* JustUsed */ = {
			isa = PBXNativeTarget;
			buildConfigurationList = A9438DEB1B7A3F0400F1A54B /* Build configuration list for PBXNativeTarget "JustUsed" */;
			buildPhases = (
				A9438DCB1B7A3F0400F1A54B /* Sources */,
				A9438DCC1B7A3F0400F1A54B /* Frameworks */,
				A9438DCD1B7A3F0400F1A54B /* Resources */,
			);
			buildRules = (
			);
			dependencies = (
			);
			name = JustUsed;
			productName = JustUsed;
			productReference = A9438DCF1B7A3F0400F1A54B /* JustUsed.app */;
			productType = "com.apple.product-type.application";
		};
		A9438DE01B7A3F0400F1A54B /* JustUsedTests */ = {
			isa = PBXNativeTarget;
			buildConfigurationList = A9438DEE1B7A3F0400F1A54B /* Build configuration list for PBXNativeTarget "JustUsedTests" */;
			buildPhases = (
				A9438DDD1B7A3F0400F1A54B /* Sources */,
				A9438DDE1B7A3F0400F1A54B /* Frameworks */,
				A9438DDF1B7A3F0400F1A54B /* Resources */,
			);
			buildRules = (
			);
			dependencies = (
				A9438DE31B7A3F0400F1A54B /* PBXTargetDependency */,
			);
			name = JustUsedTests;
			productName = JustUsedTests;
			productReference = A9438DE11B7A3F0400F1A54B /* JustUsedTests.xctest */;
			productType = "com.apple.product-type.bundle.unit-test";
		};
/* End PBXNativeTarget section */

/* Begin PBXProject section */
		A9438DC71B7A3F0300F1A54B /* Project object */ = {
			isa = PBXProject;
			attributes = {
				LastUpgradeCheck = 0640;
				ORGANIZATIONNAME = HIIT;
				TargetAttributes = {
					A9438DCE1B7A3F0400F1A54B = {
						CreatedOnToolsVersion = 6.4;
					};
					A9438DE01B7A3F0400F1A54B = {
						CreatedOnToolsVersion = 6.4;
						TestTargetID = A9438DCE1B7A3F0400F1A54B;
					};
				};
			};
			buildConfigurationList = A9438DCA1B7A3F0300F1A54B /* Build configuration list for PBXProject "JustUsed" */;
			compatibilityVersion = "Xcode 3.2";
			developmentRegion = English;
			hasScannedForEncodings = 0;
			knownRegions = (
				en,
				Base,
			);
			mainGroup = A9438DC61B7A3F0300F1A54B;
			productRefGroup = A9438DD01B7A3F0400F1A54B /* Products */;
			projectDirPath = "";
			projectRoot = "";
			targets = (
				A9438DCE1B7A3F0400F1A54B /* JustUsed */,
				A9438DE01B7A3F0400F1A54B /* JustUsedTests */,
			);
		};
/* End PBXProject section */

/* Begin PBXResourcesBuildPhase section */
		A9438DCD1B7A3F0400F1A54B /* Resources */ = {
			isa = PBXResourcesBuildPhase;
			buildActionMask = 2147483647;
			files = (
				A9438DD91B7A3F0400F1A54B /* Images.xcassets in Resources */,
				A9438DDC1B7A3F0400F1A54B /* Main.storyboard in Resources */,
			);
			runOnlyForDeploymentPostprocessing = 0;
		};
		A9438DDF1B7A3F0400F1A54B /* Resources */ = {
			isa = PBXResourcesBuildPhase;
			buildActionMask = 2147483647;
			files = (
			);
			runOnlyForDeploymentPostprocessing = 0;
		};
/* End PBXResourcesBuildPhase section */

/* Begin PBXSourcesBuildPhase section */
		A9438DCB1B7A3F0400F1A54B /* Sources */ = {
			isa = PBXSourcesBuildPhase;
			buildActionMask = 2147483647;
			files = (
				A9438DD71B7A3F0400F1A54B /* ViewController.swift in Sources */,
				A9D4A2E51B7B9C5B00EC1D68 /* FMDatabasePool.m in Sources */,
				A913AA871B7D019C00B9EFD1 /* AppSingleton.swift in Sources */,
				A913AA831B7CB89A00B9EFD1 /* JustUsedConstants.swift in Sources */,
				A913AA7D1B7C9CE700B9EFD1 /* SafariHistoryFetcher.swift in Sources */,
				A913AA7F1B7CB75800B9EFD1 /* SpotlightTrackerSingleton.swift in Sources */,
				A9FD30B81B7B2E8E0010514C /* LocationSingleton.swift in Sources */,
				A9D4A2E61B7B9C5B00EC1D68 /* FMDatabaseQueue.m in Sources */,
				A9438DD51B7A3F0400F1A54B /* AppDelegate.swift in Sources */,
				A913AA851B7CFF9100B9EFD1 /* XCGLogger.swift in Sources */,
				A9D4A2E31B7B9C5B00EC1D68 /* FMDatabase.m in Sources */,
				A9D4A2E71B7B9C5B00EC1D68 /* FMResultSet.m in Sources */,
				A9D4A2E41B7B9C5B00EC1D68 /* FMDatabaseAdditions.m in Sources */,
			);
			runOnlyForDeploymentPostprocessing = 0;
		};
		A9438DDD1B7A3F0400F1A54B /* Sources */ = {
			isa = PBXSourcesBuildPhase;
			buildActionMask = 2147483647;
			files = (
				A9438DE81B7A3F0400F1A54B /* JustUsedTests.swift in Sources */,
			);
			runOnlyForDeploymentPostprocessing = 0;
		};
/* End PBXSourcesBuildPhase section */

/* Begin PBXTargetDependency section */
		A9438DE31B7A3F0400F1A54B /* PBXTargetDependency */ = {
			isa = PBXTargetDependency;
			target = A9438DCE1B7A3F0400F1A54B /* JustUsed */;
			targetProxy = A9438DE21B7A3F0400F1A54B /* PBXContainerItemProxy */;
		};
/* End PBXTargetDependency section */

/* Begin PBXVariantGroup section */
		A9438DDA1B7A3F0400F1A54B /* Main.storyboard */ = {
			isa = PBXVariantGroup;
			children = (
				A9438DDB1B7A3F0400F1A54B /* Base */,
			);
			name = Main.storyboard;
			sourceTree = "<group>";
		};
/* End PBXVariantGroup section */

/* Begin XCBuildConfiguration section */
		A9438DE91B7A3F0400F1A54B /* Debug */ = {
			isa = XCBuildConfiguration;
			buildSettings = {
				ALWAYS_SEARCH_USER_PATHS = NO;
				CLANG_CXX_LANGUAGE_STANDARD = "gnu++0x";
				CLANG_CXX_LIBRARY = "libc++";
				CLANG_ENABLE_MODULES = YES;
				CLANG_ENABLE_OBJC_ARC = YES;
				CLANG_WARN_BOOL_CONVERSION = YES;
				CLANG_WARN_CONSTANT_CONVERSION = YES;
				CLANG_WARN_DIRECT_OBJC_ISA_USAGE = YES_ERROR;
				CLANG_WARN_EMPTY_BODY = YES;
				CLANG_WARN_ENUM_CONVERSION = YES;
				CLANG_WARN_INT_CONVERSION = YES;
				CLANG_WARN_OBJC_ROOT_CLASS = YES_ERROR;
				CLANG_WARN_UNREACHABLE_CODE = YES;
				CLANG_WARN__DUPLICATE_METHOD_MATCH = YES;
				CODE_SIGN_IDENTITY = "-";
				COPY_PHASE_STRIP = NO;
				DEBUG_INFORMATION_FORMAT = dwarf;
				ENABLE_STRICT_OBJC_MSGSEND = YES;
				GCC_C_LANGUAGE_STANDARD = gnu99;
				GCC_DYNAMIC_NO_PIC = NO;
				GCC_NO_COMMON_BLOCKS = YES;
				GCC_OPTIMIZATION_LEVEL = 0;
				GCC_PREPROCESSOR_DEFINITIONS = (
					"DEBUG=1",
					"$(inherited)",
				);
				GCC_SYMBOLS_PRIVATE_EXTERN = NO;
				GCC_WARN_64_TO_32_BIT_CONVERSION = YES;
				GCC_WARN_ABOUT_RETURN_TYPE = YES_ERROR;
				GCC_WARN_UNDECLARED_SELECTOR = YES;
				GCC_WARN_UNINITIALIZED_AUTOS = YES_AGGRESSIVE;
				GCC_WARN_UNUSED_FUNCTION = YES;
				GCC_WARN_UNUSED_VARIABLE = YES;
				MACOSX_DEPLOYMENT_TARGET = 10.10;
				MTL_ENABLE_DEBUG_INFO = YES;
				ONLY_ACTIVE_ARCH = YES;
				SDKROOT = macosx;
				SWIFT_OPTIMIZATION_LEVEL = "-Onone";
			};
			name = Debug;
		};
		A9438DEA1B7A3F0400F1A54B /* Release */ = {
			isa = XCBuildConfiguration;
			buildSettings = {
				ALWAYS_SEARCH_USER_PATHS = NO;
				CLANG_CXX_LANGUAGE_STANDARD = "gnu++0x";
				CLANG_CXX_LIBRARY = "libc++";
				CLANG_ENABLE_MODULES = YES;
				CLANG_ENABLE_OBJC_ARC = YES;
				CLANG_WARN_BOOL_CONVERSION = YES;
				CLANG_WARN_CONSTANT_CONVERSION = YES;
				CLANG_WARN_DIRECT_OBJC_ISA_USAGE = YES_ERROR;
				CLANG_WARN_EMPTY_BODY = YES;
				CLANG_WARN_ENUM_CONVERSION = YES;
				CLANG_WARN_INT_CONVERSION = YES;
				CLANG_WARN_OBJC_ROOT_CLASS = YES_ERROR;
				CLANG_WARN_UNREACHABLE_CODE = YES;
				CLANG_WARN__DUPLICATE_METHOD_MATCH = YES;
				CODE_SIGN_IDENTITY = "-";
				COPY_PHASE_STRIP = NO;
				DEBUG_INFORMATION_FORMAT = "dwarf-with-dsym";
				ENABLE_NS_ASSERTIONS = NO;
				ENABLE_STRICT_OBJC_MSGSEND = YES;
				GCC_C_LANGUAGE_STANDARD = gnu99;
				GCC_NO_COMMON_BLOCKS = YES;
				GCC_WARN_64_TO_32_BIT_CONVERSION = YES;
				GCC_WARN_ABOUT_RETURN_TYPE = YES_ERROR;
				GCC_WARN_UNDECLARED_SELECTOR = YES;
				GCC_WARN_UNINITIALIZED_AUTOS = YES_AGGRESSIVE;
				GCC_WARN_UNUSED_FUNCTION = YES;
				GCC_WARN_UNUSED_VARIABLE = YES;
				MACOSX_DEPLOYMENT_TARGET = 10.10;
				MTL_ENABLE_DEBUG_INFO = NO;
				SDKROOT = macosx;
			};
			name = Release;
		};
		A9438DEC1B7A3F0400F1A54B /* Debug */ = {
			isa = XCBuildConfiguration;
			buildSettings = {
				ASSETCATALOG_COMPILER_APPICON_NAME = AppIcon;
				COMBINE_HIDPI_IMAGES = YES;
				INFOPLIST_FILE = JustUsed/Info.plist;
				LD_RUNPATH_SEARCH_PATHS = "$(inherited) @executable_path/../Frameworks";
				PRODUCT_NAME = "$(TARGET_NAME)";
				SWIFT_OBJC_BRIDGING_HEADER = "JustUsed/JustUsed-Bridging-Header.h";
			};
			name = Debug;
		};
		A9438DED1B7A3F0400F1A54B /* Release */ = {
			isa = XCBuildConfiguration;
			buildSettings = {
				ASSETCATALOG_COMPILER_APPICON_NAME = AppIcon;
				COMBINE_HIDPI_IMAGES = YES;
				INFOPLIST_FILE = JustUsed/Info.plist;
				LD_RUNPATH_SEARCH_PATHS = "$(inherited) @executable_path/../Frameworks";
				PRODUCT_NAME = "$(TARGET_NAME)";
				SWIFT_OBJC_BRIDGING_HEADER = "JustUsed/JustUsed-Bridging-Header.h";
			};
			name = Release;
		};
		A9438DEF1B7A3F0400F1A54B /* Debug */ = {
			isa = XCBuildConfiguration;
			buildSettings = {
				BUNDLE_LOADER = "$(TEST_HOST)";
				COMBINE_HIDPI_IMAGES = YES;
				FRAMEWORK_SEARCH_PATHS = (
					"$(DEVELOPER_FRAMEWORKS_DIR)",
					"$(inherited)",
				);
				GCC_PREPROCESSOR_DEFINITIONS = (
					"DEBUG=1",
					"$(inherited)",
				);
				INFOPLIST_FILE = JustUsedTests/Info.plist;
				LD_RUNPATH_SEARCH_PATHS = "$(inherited) @executable_path/../Frameworks @loader_path/../Frameworks";
				PRODUCT_NAME = "$(TARGET_NAME)";
				TEST_HOST = "$(BUILT_PRODUCTS_DIR)/JustUsed.app/Contents/MacOS/JustUsed";
			};
			name = Debug;
		};
		A9438DF01B7A3F0400F1A54B /* Release */ = {
			isa = XCBuildConfiguration;
			buildSettings = {
				BUNDLE_LOADER = "$(TEST_HOST)";
				COMBINE_HIDPI_IMAGES = YES;
				FRAMEWORK_SEARCH_PATHS = (
					"$(DEVELOPER_FRAMEWORKS_DIR)",
					"$(inherited)",
				);
				INFOPLIST_FILE = JustUsedTests/Info.plist;
				LD_RUNPATH_SEARCH_PATHS = "$(inherited) @executable_path/../Frameworks @loader_path/../Frameworks";
				PRODUCT_NAME = "$(TARGET_NAME)";
				TEST_HOST = "$(BUILT_PRODUCTS_DIR)/JustUsed.app/Contents/MacOS/JustUsed";
			};
			name = Release;
		};
/* End XCBuildConfiguration section */

/* Begin XCConfigurationList section */
		A9438DCA1B7A3F0300F1A54B /* Build configuration list for PBXProject "JustUsed" */ = {
			isa = XCConfigurationList;
			buildConfigurations = (
				A9438DE91B7A3F0400F1A54B /* Debug */,
				A9438DEA1B7A3F0400F1A54B /* Release */,
			);
			defaultConfigurationIsVisible = 0;
			defaultConfigurationName = Release;
		};
		A9438DEB1B7A3F0400F1A54B /* Build configuration list for PBXNativeTarget "JustUsed" */ = {
			isa = XCConfigurationList;
			buildConfigurations = (
				A9438DEC1B7A3F0400F1A54B /* Debug */,
				A9438DED1B7A3F0400F1A54B /* Release */,
			);
			defaultConfigurationIsVisible = 0;
			defaultConfigurationName = Release;
		};
		A9438DEE1B7A3F0400F1A54B /* Build configuration list for PBXNativeTarget "JustUsedTests" */ = {
			isa = XCConfigurationList;
			buildConfigurations = (
				A9438DEF1B7A3F0400F1A54B /* Debug */,
				A9438DF01B7A3F0400F1A54B /* Release */,
			);
			defaultConfigurationIsVisible = 0;
			defaultConfigurationName = Release;
		};
/* End XCConfigurationList section */
	};
	rootObject = A9438DC71B7A3F0300F1A54B /* Project object */;
}
